
Microsoft Visual Studio Solution File, Format Version 12.00
# Visual Studio Version 16
VisualStudioVersion = 16.0.29306.81
MinimumVisualStudioVersion = 10.0.40219.1
Project("{8BC9CEB8-8B4A-11D0-8D11-00A0C91BC942}") = "P1", "P1\P1.vcxproj", "{FC835F06-A0EB-48FC-A114-3AAD51EF935B}"
EndProject
Project("{8BC9CEB8-8B4A-11D0-8D11-00A0C91BC942}") = "P2", "..\P2\P2.vcxproj", "{506AA268-E41F-4707-BDF3-1C8935A73A5B}"
EndProject
Project("{8BC9CEB8-8B4A-11D0-8D11-00A0C91BC942}") = "P3", "..\P3\P3.vcxproj", "{85232A0E-53F8-4D5A-B5E6-2DB0DE223995}"
EndProject
Project("{8BC9CEB8-8B4A-11D0-8D11-00A0C91BC942}") = "P4", "..\P4\P4.vcxproj", "{572E07B0-E0CC-4A04-A485-4B999F3419D3}"
EndProject
Project("{8BC9CEB8-8B4A-11D0-8D11-00A0C91BC942}") = "P5", "..\P5\P5.vcxproj", "{B0229858-6BEF-4927-9F14-A8BDB1BE0C33}"
EndProject
Project("{8BC9CEB8-8B4A-11D0-8D11-00A0C91BC942}") = "P6", "..\P6\P6.vcxproj", "{CA8A4131-8126-4647-852F-2457F0524968}"
EndProject
Project("{8BC9CEB8-8B4A-11D0-8D11-00A0C91BC942}") = "P7", "..\P7\P7.vcxproj", "{B1C3EC55-C55A-4DEA-A53E-AF6A5D6CDB97}"
EndProject
Project("{8BC9CEB8-8B4A-11D0-8D11-00A0C91BC942}") = "P8", "..\P8\P8.vcxproj", "{DC63A2EC-3596-4CF7-B1A2-6709CC45ADBC}"
EndProject
Project("{8BC9CEB8-8B4A-11D0-8D11-00A0C91BC942}") = "P9", "..\P9\P9.vcxproj", "{79E10063-476A-44F9-9505-1E9502190A79}"
EndProject
Project("{8BC9CEB8-8B4A-11D0-8D11-00A0C91BC942}") = "P10", "..\P10\P10.vcxproj", "{3CB3833F-7C17-4549-A42E-48AA18AE2CB2}"
EndProject
Project("{8BC9CEB8-8B4A-11D0-8D11-00A0C91BC942}") = "P11", "..\P11\P11.vcxproj", "{9EB14C65-DE21-43ED-AD55-070F736E90DC}"
EndProject
Project("{8BC9CEB8-8B4A-11D0-8D11-00A0C91BC942}") = "P12", "..\P12\P12.vcxproj", "{1B4F3C34-A7EF-45DC-A02E-8A42D535A381}"
EndProject
Project("{8BC9CEB8-8B4A-11D0-8D11-00A0C91BC942}") = "P13", "..\P13\P13.vcxproj", "{2AFD0F5B-B2C6-4B26-BD46-FDA46730EC60}"
EndProject
Project("{8BC9CEB8-8B4A-11D0-8D11-00A0C91BC942}") = "P14", "..\P14\P14.vcxproj", "{C625836D-EFD7-4914-B630-C266FFCC7582}"
EndProject
Project("{8BC9CEB8-8B4A-11D0-8D11-00A0C91BC942}") = "P19", "..\P19\P19.vcxproj", "{0AA57A7E-7D84-45AC-A31E-A1E24ADE2CC1}"
EndProject
Project("{8BC9CEB8-8B4A-11D0-8D11-00A0C91BC942}") = "P15", "..\P15\P15.vcxproj", "{AD203469-38BF-46F0-A81F-76C29CE739B2}"
EndProject
Project("{8BC9CEB8-8B4A-11D0-8D11-00A0C91BC942}") = "P16", "..\P16\P16.vcxproj", "{E136996D-26AE-446A-9128-7F5D04755958}"
EndProject
Project("{8BC9CEB8-8B4A-11D0-8D11-00A0C91BC942}") = "P17", "..\P17\P17.vcxproj", "{18346A00-9D1B-4CD1-8229-1A3833792385}"
EndProject
Project("{8BC9CEB8-8B4A-11D0-8D11-00A0C91BC942}") = "P18", "..\P18\P18.vcxproj", "{73FC0137-D243-4940-A0CF-E9B9BCCA2862}"
EndProject
Project("{8BC9CEB8-8B4A-11D0-8D11-00A0C91BC942}") = "P20", "..\P20\P20.vcxproj", "{9422D565-6331-41E9-9E3C-873C7A29A5AB}"
EndProject
Project("{8BC9CEB8-8B4A-11D0-8D11-00A0C91BC942}") = "P21", "..\P21\P21.vcxproj", "{D85CD8C1-EB6F-42F5-BDF1-F9F5576EFE8C}"
EndProject
Global
	GlobalSection(SolutionConfigurationPlatforms) = preSolution
		Debug|x64 = Debug|x64
		Debug|x86 = Debug|x86
		Release|x64 = Release|x64
		Release|x86 = Release|x86
	EndGlobalSection
	GlobalSection(ProjectConfigurationPlatforms) = postSolution
		{FC835F06-A0EB-48FC-A114-3AAD51EF935B}.Debug|x64.ActiveCfg = Debug|x64
		{FC835F06-A0EB-48FC-A114-3AAD51EF935B}.Debug|x64.Build.0 = Debug|x64
		{FC835F06-A0EB-48FC-A114-3AAD51EF935B}.Debug|x86.ActiveCfg = Debug|Win32
		{FC835F06-A0EB-48FC-A114-3AAD51EF935B}.Debug|x86.Build.0 = Debug|Win32
		{FC835F06-A0EB-48FC-A114-3AAD51EF935B}.Release|x64.ActiveCfg = Release|x64
		{FC835F06-A0EB-48FC-A114-3AAD51EF935B}.Release|x64.Build.0 = Release|x64
		{FC835F06-A0EB-48FC-A114-3AAD51EF935B}.Release|x86.ActiveCfg = Release|Win32
		{FC835F06-A0EB-48FC-A114-3AAD51EF935B}.Release|x86.Build.0 = Release|Win32
		{506AA268-E41F-4707-BDF3-1C8935A73A5B}.Debug|x64.ActiveCfg = Debug|x64
		{506AA268-E41F-4707-BDF3-1C8935A73A5B}.Debug|x64.Build.0 = Debug|x64
		{506AA268-E41F-4707-BDF3-1C8935A73A5B}.Debug|x86.ActiveCfg = Debug|Win32
		{506AA268-E41F-4707-BDF3-1C8935A73A5B}.Debug|x86.Build.0 = Debug|Win32
		{506AA268-E41F-4707-BDF3-1C8935A73A5B}.Release|x64.ActiveCfg = Release|x64
		{506AA268-E41F-4707-BDF3-1C8935A73A5B}.Release|x64.Build.0 = Release|x64
		{506AA268-E41F-4707-BDF3-1C8935A73A5B}.Release|x86.ActiveCfg = Release|Win32
		{506AA268-E41F-4707-BDF3-1C8935A73A5B}.Release|x86.Build.0 = Release|Win32
		{85232A0E-53F8-4D5A-B5E6-2DB0DE223995}.Debug|x64.ActiveCfg = Debug|x64
		{85232A0E-53F8-4D5A-B5E6-2DB0DE223995}.Debug|x64.Build.0 = Debug|x64
		{85232A0E-53F8-4D5A-B5E6-2DB0DE223995}.Debug|x86.ActiveCfg = Debug|Win32
		{85232A0E-53F8-4D5A-B5E6-2DB0DE223995}.Debug|x86.Build.0 = Debug|Win32
		{85232A0E-53F8-4D5A-B5E6-2DB0DE223995}.Release|x64.ActiveCfg = Release|x64
		{85232A0E-53F8-4D5A-B5E6-2DB0DE223995}.Release|x64.Build.0 = Release|x64
		{85232A0E-53F8-4D5A-B5E6-2DB0DE223995}.Release|x86.ActiveCfg = Release|Win32
		{85232A0E-53F8-4D5A-B5E6-2DB0DE223995}.Release|x86.Build.0 = Release|Win32
		{572E07B0-E0CC-4A04-A485-4B999F3419D3}.Debug|x64.ActiveCfg = Debug|x64
		{572E07B0-E0CC-4A04-A485-4B999F3419D3}.Debug|x64.Build.0 = Debug|x64
		{572E07B0-E0CC-4A04-A485-4B999F3419D3}.Debug|x86.ActiveCfg = Debug|Win32
		{572E07B0-E0CC-4A04-A485-4B999F3419D3}.Debug|x86.Build.0 = Debug|Win32
		{572E07B0-E0CC-4A04-A485-4B999F3419D3}.Release|x64.ActiveCfg = Release|x64
		{572E07B0-E0CC-4A04-A485-4B999F3419D3}.Release|x64.Build.0 = Release|x64
		{572E07B0-E0CC-4A04-A485-4B999F3419D3}.Release|x86.ActiveCfg = Release|Win32
		{572E07B0-E0CC-4A04-A485-4B999F3419D3}.Release|x86.Build.0 = Release|Win32
		{B0229858-6BEF-4927-9F14-A8BDB1BE0C33}.Debug|x64.ActiveCfg = Debug|x64
		{B0229858-6BEF-4927-9F14-A8BDB1BE0C33}.Debug|x64.Build.0 = Debug|x64
		{B0229858-6BEF-4927-9F14-A8BDB1BE0C33}.Debug|x86.ActiveCfg = Debug|Win32
		{B0229858-6BEF-4927-9F14-A8BDB1BE0C33}.Debug|x86.Build.0 = Debug|Win32
		{B0229858-6BEF-4927-9F14-A8BDB1BE0C33}.Release|x64.ActiveCfg = Release|x64
		{B0229858-6BEF-4927-9F14-A8BDB1BE0C33}.Release|x64.Build.0 = Release|x64
		{B0229858-6BEF-4927-9F14-A8BDB1BE0C33}.Release|x86.ActiveCfg = Release|Win32
		{B0229858-6BEF-4927-9F14-A8BDB1BE0C33}.Release|x86.Build.0 = Release|Win32
		{CA8A4131-8126-4647-852F-2457F0524968}.Debug|x64.ActiveCfg = Debug|x64
		{CA8A4131-8126-4647-852F-2457F0524968}.Debug|x64.Build.0 = Debug|x64
		{CA8A4131-8126-4647-852F-2457F0524968}.Debug|x86.ActiveCfg = Debug|Win32
		{CA8A4131-8126-4647-852F-2457F0524968}.Debug|x86.Build.0 = Debug|Win32
		{CA8A4131-8126-4647-852F-2457F0524968}.Release|x64.ActiveCfg = Release|x64
		{CA8A4131-8126-4647-852F-2457F0524968}.Release|x64.Build.0 = Release|x64
		{CA8A4131-8126-4647-852F-2457F0524968}.Release|x86.ActiveCfg = Release|Win32
		{CA8A4131-8126-4647-852F-2457F0524968}.Release|x86.Build.0 = Release|Win32
		{B1C3EC55-C55A-4DEA-A53E-AF6A5D6CDB97}.Debug|x64.ActiveCfg = Debug|x64
		{B1C3EC55-C55A-4DEA-A53E-AF6A5D6CDB97}.Debug|x64.Build.0 = Debug|x64
		{B1C3EC55-C55A-4DEA-A53E-AF6A5D6CDB97}.Debug|x86.ActiveCfg = Debug|Win32
		{B1C3EC55-C55A-4DEA-A53E-AF6A5D6CDB97}.Debug|x86.Build.0 = Debug|Win32
		{B1C3EC55-C55A-4DEA-A53E-AF6A5D6CDB97}.Release|x64.ActiveCfg = Release|x64
		{B1C3EC55-C55A-4DEA-A53E-AF6A5D6CDB97}.Release|x64.Build.0 = Release|x64
		{B1C3EC55-C55A-4DEA-A53E-AF6A5D6CDB97}.Release|x86.ActiveCfg = Release|Win32
		{B1C3EC55-C55A-4DEA-A53E-AF6A5D6CDB97}.Release|x86.Build.0 = Release|Win32
		{DC63A2EC-3596-4CF7-B1A2-6709CC45ADBC}.Debug|x64.ActiveCfg = Debug|x64
		{DC63A2EC-3596-4CF7-B1A2-6709CC45ADBC}.Debug|x64.Build.0 = Debug|x64
		{DC63A2EC-3596-4CF7-B1A2-6709CC45ADBC}.Debug|x86.ActiveCfg = Debug|Win32
		{DC63A2EC-3596-4CF7-B1A2-6709CC45ADBC}.Debug|x86.Build.0 = Debug|Win32
		{DC63A2EC-3596-4CF7-B1A2-6709CC45ADBC}.Release|x64.ActiveCfg = Release|x64
		{DC63A2EC-3596-4CF7-B1A2-6709CC45ADBC}.Release|x64.Build.0 = Release|x64
		{DC63A2EC-3596-4CF7-B1A2-6709CC45ADBC}.Release|x86.ActiveCfg = Release|Win32
		{DC63A2EC-3596-4CF7-B1A2-6709CC45ADBC}.Release|x86.Build.0 = Release|Win32
		{79E10063-476A-44F9-9505-1E9502190A79}.Debug|x64.ActiveCfg = Debug|x64
		{79E10063-476A-44F9-9505-1E9502190A79}.Debug|x64.Build.0 = Debug|x64
		{79E10063-476A-44F9-9505-1E9502190A79}.Debug|x86.ActiveCfg = Debug|Win32
		{79E10063-476A-44F9-9505-1E9502190A79}.Debug|x86.Build.0 = Debug|Win32
		{79E10063-476A-44F9-9505-1E9502190A79}.Release|x64.ActiveCfg = Release|x64
		{79E10063-476A-44F9-9505-1E9502190A79}.Release|x64.Build.0 = Release|x64
		{79E10063-476A-44F9-9505-1E9502190A79}.Release|x86.ActiveCfg = Release|Win32
		{79E10063-476A-44F9-9505-1E9502190A79}.Release|x86.Build.0 = Release|Win32
		{3CB3833F-7C17-4549-A42E-48AA18AE2CB2}.Debug|x64.ActiveCfg = Debug|x64
		{3CB3833F-7C17-4549-A42E-48AA18AE2CB2}.Debug|x64.Build.0 = Debug|x64
		{3CB3833F-7C17-4549-A42E-48AA18AE2CB2}.Debug|x86.ActiveCfg = Debug|Win32
		{3CB3833F-7C17-4549-A42E-48AA18AE2CB2}.Debug|x86.Build.0 = Debug|Win32
		{3CB3833F-7C17-4549-A42E-48AA18AE2CB2}.Release|x64.ActiveCfg = Release|x64
		{3CB3833F-7C17-4549-A42E-48AA18AE2CB2}.Release|x64.Build.0 = Release|x64
		{3CB3833F-7C17-4549-A42E-48AA18AE2CB2}.Release|x86.ActiveCfg = Release|Win32
		{3CB3833F-7C17-4549-A42E-48AA18AE2CB2}.Release|x86.Build.0 = Release|Win32
		{9EB14C65-DE21-43ED-AD55-070F736E90DC}.Debug|x64.ActiveCfg = Debug|x64
		{9EB14C65-DE21-43ED-AD55-070F736E90DC}.Debug|x64.Build.0 = Debug|x64
		{9EB14C65-DE21-43ED-AD55-070F736E90DC}.Debug|x86.ActiveCfg = Debug|Win32
		{9EB14C65-DE21-43ED-AD55-070F736E90DC}.Debug|x86.Build.0 = Debug|Win32
		{9EB14C65-DE21-43ED-AD55-070F736E90DC}.Release|x64.ActiveCfg = Release|x64
		{9EB14C65-DE21-43ED-AD55-070F736E90DC}.Release|x64.Build.0 = Release|x64
		{9EB14C65-DE21-43ED-AD55-070F736E90DC}.Release|x86.ActiveCfg = Release|Win32
		{9EB14C65-DE21-43ED-AD55-070F736E90DC}.Release|x86.Build.0 = Release|Win32
		{1B4F3C34-A7EF-45DC-A02E-8A42D535A381}.Debug|x64.ActiveCfg = Debug|x64
		{1B4F3C34-A7EF-45DC-A02E-8A42D535A381}.Debug|x64.Build.0 = Debug|x64
		{1B4F3C34-A7EF-45DC-A02E-8A42D535A381}.Debug|x86.ActiveCfg = Debug|Win32
		{1B4F3C34-A7EF-45DC-A02E-8A42D535A381}.Debug|x86.Build.0 = Debug|Win32
		{1B4F3C34-A7EF-45DC-A02E-8A42D535A381}.Release|x64.ActiveCfg = Release|x64
		{1B4F3C34-A7EF-45DC-A02E-8A42D535A381}.Release|x64.Build.0 = Release|x64
		{1B4F3C34-A7EF-45DC-A02E-8A42D535A381}.Release|x86.ActiveCfg = Release|Win32
		{1B4F3C34-A7EF-45DC-A02E-8A42D535A381}.Release|x86.Build.0 = Release|Win32
		{2AFD0F5B-B2C6-4B26-BD46-FDA46730EC60}.Debug|x64.ActiveCfg = Debug|x64
		{2AFD0F5B-B2C6-4B26-BD46-FDA46730EC60}.Debug|x64.Build.0 = Debug|x64
		{2AFD0F5B-B2C6-4B26-BD46-FDA46730EC60}.Debug|x86.ActiveCfg = Debug|Win32
		{2AFD0F5B-B2C6-4B26-BD46-FDA46730EC60}.Debug|x86.Build.0 = Debug|Win32
		{2AFD0F5B-B2C6-4B26-BD46-FDA46730EC60}.Release|x64.ActiveCfg = Release|x64
		{2AFD0F5B-B2C6-4B26-BD46-FDA46730EC60}.Release|x64.Build.0 = Release|x64
		{2AFD0F5B-B2C6-4B26-BD46-FDA46730EC60}.Release|x86.ActiveCfg = Release|Win32
		{2AFD0F5B-B2C6-4B26-BD46-FDA46730EC60}.Release|x86.Build.0 = Release|Win32
		{C625836D-EFD7-4914-B630-C266FFCC7582}.Debug|x64.ActiveCfg = Debug|x64
		{C625836D-EFD7-4914-B630-C266FFCC7582}.Debug|x64.Build.0 = Debug|x64
		{C625836D-EFD7-4914-B630-C266FFCC7582}.Debug|x86.ActiveCfg = Debug|Win32
		{C625836D-EFD7-4914-B630-C266FFCC7582}.Debug|x86.Build.0 = Debug|Win32
		{C625836D-EFD7-4914-B630-C266FFCC7582}.Release|x64.ActiveCfg = Release|x64
		{C625836D-EFD7-4914-B630-C266FFCC7582}.Release|x64.Build.0 = Release|x64
		{C625836D-EFD7-4914-B630-C266FFCC7582}.Release|x86.ActiveCfg = Release|Win32
		{C625836D-EFD7-4914-B630-C266FFCC7582}.Release|x86.Build.0 = Release|Win32
		{0AA57A7E-7D84-45AC-A31E-A1E24ADE2CC1}.Debug|x64.ActiveCfg = Debug|x64
		{0AA57A7E-7D84-45AC-A31E-A1E24ADE2CC1}.Debug|x64.Build.0 = Debug|x64
		{0AA57A7E-7D84-45AC-A31E-A1E24ADE2CC1}.Debug|x86.ActiveCfg = Debug|Win32
		{0AA57A7E-7D84-45AC-A31E-A1E24ADE2CC1}.Debug|x86.Build.0 = Debug|Win32
		{0AA57A7E-7D84-45AC-A31E-A1E24ADE2CC1}.Release|x64.ActiveCfg = Release|x64
		{0AA57A7E-7D84-45AC-A31E-A1E24ADE2CC1}.Release|x64.Build.0 = Release|x64
		{0AA57A7E-7D84-45AC-A31E-A1E24ADE2CC1}.Release|x86.ActiveCfg = Release|Win32
		{0AA57A7E-7D84-45AC-A31E-A1E24ADE2CC1}.Release|x86.Build.0 = Release|Win32
		{AD203469-38BF-46F0-A81F-76C29CE739B2}.Debug|x64.ActiveCfg = Debug|x64
		{AD203469-38BF-46F0-A81F-76C29CE739B2}.Debug|x64.Build.0 = Debug|x64
		{AD203469-38BF-46F0-A81F-76C29CE739B2}.Debug|x86.ActiveCfg = Debug|Win32
		{AD203469-38BF-46F0-A81F-76C29CE739B2}.Debug|x86.Build.0 = Debug|Win32
		{AD203469-38BF-46F0-A81F-76C29CE739B2}.Release|x64.ActiveCfg = Release|x64
		{AD203469-38BF-46F0-A81F-76C29CE739B2}.Release|x64.Build.0 = Release|x64
		{AD203469-38BF-46F0-A81F-76C29CE739B2}.Release|x86.ActiveCfg = Release|Win32
		{AD203469-38BF-46F0-A81F-76C29CE739B2}.Release|x86.Build.0 = Release|Win32
		{E136996D-26AE-446A-9128-7F5D04755958}.Debug|x64.ActiveCfg = Debug|x64
		{E136996D-26AE-446A-9128-7F5D04755958}.Debug|x64.Build.0 = Debug|x64
		{E136996D-26AE-446A-9128-7F5D04755958}.Debug|x86.ActiveCfg = Debug|Win32
		{E136996D-26AE-446A-9128-7F5D04755958}.Debug|x86.Build.0 = Debug|Win32
		{E136996D-26AE-446A-9128-7F5D04755958}.Release|x64.ActiveCfg = Release|x64
		{E136996D-26AE-446A-9128-7F5D04755958}.Release|x64.Build.0 = Release|x64
		{E136996D-26AE-446A-9128-7F5D04755958}.Release|x86.ActiveCfg = Release|Win32
		{E136996D-26AE-446A-9128-7F5D04755958}.Release|x86.Build.0 = Release|Win32
		{18346A00-9D1B-4CD1-8229-1A3833792385}.Debug|x64.ActiveCfg = Debug|x64
		{18346A00-9D1B-4CD1-8229-1A3833792385}.Debug|x64.Build.0 = Debug|x64
		{18346A00-9D1B-4CD1-8229-1A3833792385}.Debug|x86.ActiveCfg = Debug|Win32
		{18346A00-9D1B-4CD1-8229-1A3833792385}.Debug|x86.Build.0 = Debug|Win32
		{18346A00-9D1B-4CD1-8229-1A3833792385}.Release|x64.ActiveCfg = Release|x64
		{18346A00-9D1B-4CD1-8229-1A3833792385}.Release|x64.Build.0 = Release|x64
		{18346A00-9D1B-4CD1-8229-1A3833792385}.Release|x86.ActiveCfg = Release|Win32
		{18346A00-9D1B-4CD1-8229-1A3833792385}.Release|x86.Build.0 = Release|Win32
		{73FC0137-D243-4940-A0CF-E9B9BCCA2862}.Debug|x64.ActiveCfg = Debug|x64
		{73FC0137-D243-4940-A0CF-E9B9BCCA2862}.Debug|x64.Build.0 = Debug|x64
		{73FC0137-D243-4940-A0CF-E9B9BCCA2862}.Debug|x86.ActiveCfg = Debug|Win32
		{73FC0137-D243-4940-A0CF-E9B9BCCA2862}.Debug|x86.Build.0 = Debug|Win32
		{73FC0137-D243-4940-A0CF-E9B9BCCA2862}.Release|x64.ActiveCfg = Release|x64
		{73FC0137-D243-4940-A0CF-E9B9BCCA2862}.Release|x64.Build.0 = Release|x64
		{73FC0137-D243-4940-A0CF-E9B9BCCA2862}.Release|x86.ActiveCfg = Release|Win32
		{73FC0137-D243-4940-A0CF-E9B9BCCA2862}.Release|x86.Build.0 = Release|Win32
		{9422D565-6331-41E9-9E3C-873C7A29A5AB}.Debug|x64.ActiveCfg = Debug|x64
		{9422D565-6331-41E9-9E3C-873C7A29A5AB}.Debug|x64.Build.0 = Debug|x64
		{9422D565-6331-41E9-9E3C-873C7A29A5AB}.Debug|x86.ActiveCfg = Debug|Win32
		{9422D565-6331-41E9-9E3C-873C7A29A5AB}.Debug|x86.Build.0 = Debug|Win32
		{9422D565-6331-41E9-9E3C-873C7A29A5AB}.Release|x64.ActiveCfg = Release|x64
		{9422D565-6331-41E9-9E3C-873C7A29A5AB}.Release|x64.Build.0 = Release|x64
		{9422D565-6331-41E9-9E3C-873C7A29A5AB}.Release|x86.ActiveCfg = Release|Win32
		{9422D565-6331-41E9-9E3C-873C7A29A5AB}.Release|x86.Build.0 = Release|Win32
		{D85CD8C1-EB6F-42F5-BDF1-F9F5576EFE8C}.Debug|x64.ActiveCfg = Debug|x64
		{D85CD8C1-EB6F-42F5-BDF1-F9F5576EFE8C}.Debug|x64.Build.0 = Debug|x64
		{D85CD8C1-EB6F-42F5-BDF1-F9F5576EFE8C}.Debug|x86.ActiveCfg = Debug|Win32
		{D85CD8C1-EB6F-42F5-BDF1-F9F5576EFE8C}.Debug|x86.Build.0 = Debug|Win32
		{D85CD8C1-EB6F-42F5-BDF1-F9F5576EFE8C}.Release|x64.ActiveCfg = Release|x64
		{D85CD8C1-EB6F-42F5-BDF1-F9F5576EFE8C}.Release|x64.Build.0 = Release|x64
		{D85CD8C1-EB6F-42F5-BDF1-F9F5576EFE8C}.Release|x86.ActiveCfg = Release|Win32
		{D85CD8C1-EB6F-42F5-BDF1-F9F5576EFE8C}.Release|x86.Build.0 = Release|Win32
	EndGlobalSection
	GlobalSection(SolutionProperties) = preSolution
		HideSolutionNode = FALSE
	EndGlobalSection
	GlobalSection(ExtensibilityGlobals) = postSolution
		SolutionGuid = {99948B54-483E-4CBF-A3EF-2BFCD3D2E48F}
	EndGlobalSection
EndGlobal
