
Microsoft Visual Studio Solution File, Format Version 12.00
# Visual Studio Version 16
VisualStudioVersion = 16.0.29230.47
MinimumVisualStudioVersion = 10.0.40219.1
Project("{8BC9CEB8-8B4A-11D0-8D11-00A0C91BC942}") = "P1", "P1\P1.vcxproj", "{C5081413-6C7E-4C4C-A5DB-784E7F9A2E3C}"
EndProject
Project("{8BC9CEB8-8B4A-11D0-8D11-00A0C91BC942}") = "P2", "..\P2\P2.vcxproj", "{BEA7015E-6BE8-4BF1-8287-292C180EA793}"
EndProject
Project("{8BC9CEB8-8B4A-11D0-8D11-00A0C91BC942}") = "P3", "..\P3\P3.vcxproj", "{1EBA5308-0A7D-4C36-B110-5BADB194F7D8}"
EndProject
Project("{8BC9CEB8-8B4A-11D0-8D11-00A0C91BC942}") = "P4", "..\P4\P4.vcxproj", "{11620E23-33DF-4351-AB8D-7F3B4699190B}"
EndProject
Project("{8BC9CEB8-8B4A-11D0-8D11-00A0C91BC942}") = "P5", "..\P5\P5.vcxproj", "{9EA90AC6-2BAF-4553-8CF1-200D682063BD}"
EndProject
Project("{8BC9CEB8-8B4A-11D0-8D11-00A0C91BC942}") = "P7", "..\P7\P7.vcxproj", "{EC08E542-9405-4388-AAF7-0191AE73A79F}"
EndProject
Project("{8BC9CEB8-8B4A-11D0-8D11-00A0C91BC942}") = "P6", "..\P6\P6.vcxproj", "{2AC3AEEA-8212-4619-A2AA-FA1DC63DF007}"
EndProject
Project("{8BC9CEB8-8B4A-11D0-8D11-00A0C91BC942}") = "P8", "..\P8\P8.vcxproj", "{ED02632E-54C5-4BDA-975D-D0894052149C}"
EndProject
Project("{8BC9CEB8-8B4A-11D0-8D11-00A0C91BC942}") = "P9", "..\P9\P9.vcxproj", "{E7C80B24-1BB4-435E-BE27-826AA1003140}"
EndProject
Global
	GlobalSection(SolutionConfigurationPlatforms) = preSolution
		Debug|x64 = Debug|x64
		Debug|x86 = Debug|x86
		Release|x64 = Release|x64
		Release|x86 = Release|x86
	EndGlobalSection
	GlobalSection(ProjectConfigurationPlatforms) = postSolution
		{C5081413-6C7E-4C4C-A5DB-784E7F9A2E3C}.Debug|x64.ActiveCfg = Debug|x64
		{C5081413-6C7E-4C4C-A5DB-784E7F9A2E3C}.Debug|x64.Build.0 = Debug|x64
		{C5081413-6C7E-4C4C-A5DB-784E7F9A2E3C}.Debug|x86.ActiveCfg = Debug|Win32
		{C5081413-6C7E-4C4C-A5DB-784E7F9A2E3C}.Debug|x86.Build.0 = Debug|Win32
		{C5081413-6C7E-4C4C-A5DB-784E7F9A2E3C}.Release|x64.ActiveCfg = Release|x64
		{C5081413-6C7E-4C4C-A5DB-784E7F9A2E3C}.Release|x64.Build.0 = Release|x64
		{C5081413-6C7E-4C4C-A5DB-784E7F9A2E3C}.Release|x86.ActiveCfg = Release|Win32
		{C5081413-6C7E-4C4C-A5DB-784E7F9A2E3C}.Release|x86.Build.0 = Release|Win32
		{BEA7015E-6BE8-4BF1-8287-292C180EA793}.Debug|x64.ActiveCfg = Debug|x64
		{BEA7015E-6BE8-4BF1-8287-292C180EA793}.Debug|x64.Build.0 = Debug|x64
		{BEA7015E-6BE8-4BF1-8287-292C180EA793}.Debug|x86.ActiveCfg = Debug|Win32
		{BEA7015E-6BE8-4BF1-8287-292C180EA793}.Debug|x86.Build.0 = Debug|Win32
		{BEA7015E-6BE8-4BF1-8287-292C180EA793}.Release|x64.ActiveCfg = Release|x64
		{BEA7015E-6BE8-4BF1-8287-292C180EA793}.Release|x64.Build.0 = Release|x64
		{BEA7015E-6BE8-4BF1-8287-292C180EA793}.Release|x86.ActiveCfg = Release|Win32
		{BEA7015E-6BE8-4BF1-8287-292C180EA793}.Release|x86.Build.0 = Release|Win32
		{1EBA5308-0A7D-4C36-B110-5BADB194F7D8}.Debug|x64.ActiveCfg = Debug|x64
		{1EBA5308-0A7D-4C36-B110-5BADB194F7D8}.Debug|x64.Build.0 = Debug|x64
		{1EBA5308-0A7D-4C36-B110-5BADB194F7D8}.Debug|x86.ActiveCfg = Debug|Win32
		{1EBA5308-0A7D-4C36-B110-5BADB194F7D8}.Debug|x86.Build.0 = Debug|Win32
		{1EBA5308-0A7D-4C36-B110-5BADB194F7D8}.Release|x64.ActiveCfg = Release|x64
		{1EBA5308-0A7D-4C36-B110-5BADB194F7D8}.Release|x64.Build.0 = Release|x64
		{1EBA5308-0A7D-4C36-B110-5BADB194F7D8}.Release|x86.ActiveCfg = Release|Win32
		{1EBA5308-0A7D-4C36-B110-5BADB194F7D8}.Release|x86.Build.0 = Release|Win32
		{11620E23-33DF-4351-AB8D-7F3B4699190B}.Debug|x64.ActiveCfg = Debug|x64
		{11620E23-33DF-4351-AB8D-7F3B4699190B}.Debug|x64.Build.0 = Debug|x64
		{11620E23-33DF-4351-AB8D-7F3B4699190B}.Debug|x86.ActiveCfg = Debug|Win32
		{11620E23-33DF-4351-AB8D-7F3B4699190B}.Debug|x86.Build.0 = Debug|Win32
		{11620E23-33DF-4351-AB8D-7F3B4699190B}.Release|x64.ActiveCfg = Release|x64
		{11620E23-33DF-4351-AB8D-7F3B4699190B}.Release|x64.Build.0 = Release|x64
		{11620E23-33DF-4351-AB8D-7F3B4699190B}.Release|x86.ActiveCfg = Release|Win32
		{11620E23-33DF-4351-AB8D-7F3B4699190B}.Release|x86.Build.0 = Release|Win32
		{9EA90AC6-2BAF-4553-8CF1-200D682063BD}.Debug|x64.ActiveCfg = Debug|x64
		{9EA90AC6-2BAF-4553-8CF1-200D682063BD}.Debug|x64.Build.0 = Debug|x64
		{9EA90AC6-2BAF-4553-8CF1-200D682063BD}.Debug|x86.ActiveCfg = Debug|Win32
		{9EA90AC6-2BAF-4553-8CF1-200D682063BD}.Debug|x86.Build.0 = Debug|Win32
		{9EA90AC6-2BAF-4553-8CF1-200D682063BD}.Release|x64.ActiveCfg = Release|x64
		{9EA90AC6-2BAF-4553-8CF1-200D682063BD}.Release|x64.Build.0 = Release|x64
		{9EA90AC6-2BAF-4553-8CF1-200D682063BD}.Release|x86.ActiveCfg = Release|Win32
		{9EA90AC6-2BAF-4553-8CF1-200D682063BD}.Release|x86.Build.0 = Release|Win32
		{EC08E542-9405-4388-AAF7-0191AE73A79F}.Debug|x64.ActiveCfg = Debug|x64
		{EC08E542-9405-4388-AAF7-0191AE73A79F}.Debug|x64.Build.0 = Debug|x64
		{EC08E542-9405-4388-AAF7-0191AE73A79F}.Debug|x86.ActiveCfg = Debug|Win32
		{EC08E542-9405-4388-AAF7-0191AE73A79F}.Debug|x86.Build.0 = Debug|Win32
		{EC08E542-9405-4388-AAF7-0191AE73A79F}.Release|x64.ActiveCfg = Release|x64
		{EC08E542-9405-4388-AAF7-0191AE73A79F}.Release|x64.Build.0 = Release|x64
		{EC08E542-9405-4388-AAF7-0191AE73A79F}.Release|x86.ActiveCfg = Release|Win32
		{EC08E542-9405-4388-AAF7-0191AE73A79F}.Release|x86.Build.0 = Release|Win32
		{2AC3AEEA-8212-4619-A2AA-FA1DC63DF007}.Debug|x64.ActiveCfg = Debug|x64
		{2AC3AEEA-8212-4619-A2AA-FA1DC63DF007}.Debug|x64.Build.0 = Debug|x64
		{2AC3AEEA-8212-4619-A2AA-FA1DC63DF007}.Debug|x86.ActiveCfg = Debug|Win32
		{2AC3AEEA-8212-4619-A2AA-FA1DC63DF007}.Debug|x86.Build.0 = Debug|Win32
		{2AC3AEEA-8212-4619-A2AA-FA1DC63DF007}.Release|x64.ActiveCfg = Release|x64
		{2AC3AEEA-8212-4619-A2AA-FA1DC63DF007}.Release|x64.Build.0 = Release|x64
		{2AC3AEEA-8212-4619-A2AA-FA1DC63DF007}.Release|x86.ActiveCfg = Release|Win32
		{2AC3AEEA-8212-4619-A2AA-FA1DC63DF007}.Release|x86.Build.0 = Release|Win32
		{ED02632E-54C5-4BDA-975D-D0894052149C}.Debug|x64.ActiveCfg = Debug|x64
		{ED02632E-54C5-4BDA-975D-D0894052149C}.Debug|x64.Build.0 = Debug|x64
		{ED02632E-54C5-4BDA-975D-D0894052149C}.Debug|x86.ActiveCfg = Debug|Win32
		{ED02632E-54C5-4BDA-975D-D0894052149C}.Debug|x86.Build.0 = Debug|Win32
		{ED02632E-54C5-4BDA-975D-D0894052149C}.Release|x64.ActiveCfg = Release|x64
		{ED02632E-54C5-4BDA-975D-D0894052149C}.Release|x64.Build.0 = Release|x64
		{ED02632E-54C5-4BDA-975D-D0894052149C}.Release|x86.ActiveCfg = Release|Win32
		{ED02632E-54C5-4BDA-975D-D0894052149C}.Release|x86.Build.0 = Release|Win32
		{E7C80B24-1BB4-435E-BE27-826AA1003140}.Debug|x64.ActiveCfg = Debug|x64
		{E7C80B24-1BB4-435E-BE27-826AA1003140}.Debug|x64.Build.0 = Debug|x64
		{E7C80B24-1BB4-435E-BE27-826AA1003140}.Debug|x86.ActiveCfg = Debug|Win32
		{E7C80B24-1BB4-435E-BE27-826AA1003140}.Debug|x86.Build.0 = Debug|Win32
		{E7C80B24-1BB4-435E-BE27-826AA1003140}.Release|x64.ActiveCfg = Release|x64
		{E7C80B24-1BB4-435E-BE27-826AA1003140}.Release|x64.Build.0 = Release|x64
		{E7C80B24-1BB4-435E-BE27-826AA1003140}.Release|x86.ActiveCfg = Release|Win32
		{E7C80B24-1BB4-435E-BE27-826AA1003140}.Release|x86.Build.0 = Release|Win32
	EndGlobalSection
	GlobalSection(SolutionProperties) = preSolution
		HideSolutionNode = FALSE
	EndGlobalSection
	GlobalSection(ExtensibilityGlobals) = postSolution
		SolutionGuid = {78D01A11-CD3E-491D-AB87-92EB2FAFA72D}
	EndGlobalSection
EndGlobal
