
Microsoft Visual Studio Solution File, Format Version 12.00
# Visual Studio Version 16
VisualStudioVersion = 16.0.29306.81
MinimumVisualStudioVersion = 10.0.40219.1
Project("{8BC9CEB8-8B4A-11D0-8D11-00A0C91BC942}") = "P1", "P1\P1.vcxproj", "{2FA8B160-98A3-4658-802C-B701B133204F}"
EndProject
Project("{8BC9CEB8-8B4A-11D0-8D11-00A0C91BC942}") = "P2", "..\P2\P2.vcxproj", "{CFB2DA20-1D7A-4C6C-885A-E9F6A0A20786}"
EndProject
Project("{8BC9CEB8-8B4A-11D0-8D11-00A0C91BC942}") = "P3", "..\P3\P3.vcxproj", "{25CF4EA8-1718-469C-9DEC-E33E0FA3C951}"
EndProject
Project("{8BC9CEB8-8B4A-11D0-8D11-00A0C91BC942}") = "P4", "..\P4\P4.vcxproj", "{B0F0F6C0-A220-4DAC-AF97-6D629654B6BC}"
EndProject
Project("{8BC9CEB8-8B4A-11D0-8D11-00A0C91BC942}") = "P5", "..\P5\P5.vcxproj", "{DC029CD3-FA65-48D0-8169-D79828049270}"
EndProject
Project("{8BC9CEB8-8B4A-11D0-8D11-00A0C91BC942}") = "P6", "..\P6\P6.vcxproj", "{F69C3A65-0CF7-4208-B509-589E81A510A7}"
EndProject
Project("{8BC9CEB8-8B4A-11D0-8D11-00A0C91BC942}") = "P7", "P7\P7.vcxproj", "{F5413E2B-D9CB-4485-BE42-F65074B08749}"
EndProject
Project("{8BC9CEB8-8B4A-11D0-8D11-00A0C91BC942}") = "P8", "..\P8\P8.vcxproj", "{0AB58612-9669-4F4A-8747-E6D63F4449A5}"
EndProject
Project("{8BC9CEB8-8B4A-11D0-8D11-00A0C91BC942}") = "P9", "..\P9\P9.vcxproj", "{1A3342C6-3619-4D53-80B9-42E7615902B5}"
EndProject
Project("{8BC9CEB8-8B4A-11D0-8D11-00A0C91BC942}") = "P10", "..\P10\P10.vcxproj", "{61026DD8-8DF9-4FAD-AF09-B0D9DE4118A6}"
EndProject
Project("{8BC9CEB8-8B4A-11D0-8D11-00A0C91BC942}") = "P11", "..\P11\P11.vcxproj", "{7F8A3FC6-A895-4FBA-AF2D-E942B90E7432}"
EndProject
Project("{8BC9CEB8-8B4A-11D0-8D11-00A0C91BC942}") = "P12", "..\P12\P12.vcxproj", "{662BAD29-6A24-4E17-87B2-FB73C201C4B3}"
EndProject
Project("{8BC9CEB8-8B4A-11D0-8D11-00A0C91BC942}") = "P13", "..\P13\P13.vcxproj", "{EA19EACD-5208-4FC9-A01F-9D9850F1EE11}"
EndProject
Global
	GlobalSection(SolutionConfigurationPlatforms) = preSolution
		Debug|x64 = Debug|x64
		Debug|x86 = Debug|x86
		Release|x64 = Release|x64
		Release|x86 = Release|x86
	EndGlobalSection
	GlobalSection(ProjectConfigurationPlatforms) = postSolution
		{2FA8B160-98A3-4658-802C-B701B133204F}.Debug|x64.ActiveCfg = Debug|x64
		{2FA8B160-98A3-4658-802C-B701B133204F}.Debug|x64.Build.0 = Debug|x64
		{2FA8B160-98A3-4658-802C-B701B133204F}.Debug|x86.ActiveCfg = Debug|Win32
		{2FA8B160-98A3-4658-802C-B701B133204F}.Debug|x86.Build.0 = Debug|Win32
		{2FA8B160-98A3-4658-802C-B701B133204F}.Release|x64.ActiveCfg = Release|x64
		{2FA8B160-98A3-4658-802C-B701B133204F}.Release|x64.Build.0 = Release|x64
		{2FA8B160-98A3-4658-802C-B701B133204F}.Release|x86.ActiveCfg = Release|Win32
		{2FA8B160-98A3-4658-802C-B701B133204F}.Release|x86.Build.0 = Release|Win32
		{CFB2DA20-1D7A-4C6C-885A-E9F6A0A20786}.Debug|x64.ActiveCfg = Debug|x64
		{CFB2DA20-1D7A-4C6C-885A-E9F6A0A20786}.Debug|x64.Build.0 = Debug|x64
		{CFB2DA20-1D7A-4C6C-885A-E9F6A0A20786}.Debug|x86.ActiveCfg = Debug|Win32
		{CFB2DA20-1D7A-4C6C-885A-E9F6A0A20786}.Debug|x86.Build.0 = Debug|Win32
		{CFB2DA20-1D7A-4C6C-885A-E9F6A0A20786}.Release|x64.ActiveCfg = Release|x64
		{CFB2DA20-1D7A-4C6C-885A-E9F6A0A20786}.Release|x64.Build.0 = Release|x64
		{CFB2DA20-1D7A-4C6C-885A-E9F6A0A20786}.Release|x86.ActiveCfg = Release|Win32
		{CFB2DA20-1D7A-4C6C-885A-E9F6A0A20786}.Release|x86.Build.0 = Release|Win32
		{25CF4EA8-1718-469C-9DEC-E33E0FA3C951}.Debug|x64.ActiveCfg = Debug|x64
		{25CF4EA8-1718-469C-9DEC-E33E0FA3C951}.Debug|x64.Build.0 = Debug|x64
		{25CF4EA8-1718-469C-9DEC-E33E0FA3C951}.Debug|x86.ActiveCfg = Debug|Win32
		{25CF4EA8-1718-469C-9DEC-E33E0FA3C951}.Debug|x86.Build.0 = Debug|Win32
		{25CF4EA8-1718-469C-9DEC-E33E0FA3C951}.Release|x64.ActiveCfg = Release|x64
		{25CF4EA8-1718-469C-9DEC-E33E0FA3C951}.Release|x64.Build.0 = Release|x64
		{25CF4EA8-1718-469C-9DEC-E33E0FA3C951}.Release|x86.ActiveCfg = Release|Win32
		{25CF4EA8-1718-469C-9DEC-E33E0FA3C951}.Release|x86.Build.0 = Release|Win32
		{B0F0F6C0-A220-4DAC-AF97-6D629654B6BC}.Debug|x64.ActiveCfg = Debug|x64
		{B0F0F6C0-A220-4DAC-AF97-6D629654B6BC}.Debug|x64.Build.0 = Debug|x64
		{B0F0F6C0-A220-4DAC-AF97-6D629654B6BC}.Debug|x86.ActiveCfg = Debug|Win32
		{B0F0F6C0-A220-4DAC-AF97-6D629654B6BC}.Debug|x86.Build.0 = Debug|Win32
		{B0F0F6C0-A220-4DAC-AF97-6D629654B6BC}.Release|x64.ActiveCfg = Release|x64
		{B0F0F6C0-A220-4DAC-AF97-6D629654B6BC}.Release|x64.Build.0 = Release|x64
		{B0F0F6C0-A220-4DAC-AF97-6D629654B6BC}.Release|x86.ActiveCfg = Release|Win32
		{B0F0F6C0-A220-4DAC-AF97-6D629654B6BC}.Release|x86.Build.0 = Release|Win32
		{DC029CD3-FA65-48D0-8169-D79828049270}.Debug|x64.ActiveCfg = Debug|x64
		{DC029CD3-FA65-48D0-8169-D79828049270}.Debug|x64.Build.0 = Debug|x64
		{DC029CD3-FA65-48D0-8169-D79828049270}.Debug|x86.ActiveCfg = Debug|Win32
		{DC029CD3-FA65-48D0-8169-D79828049270}.Debug|x86.Build.0 = Debug|Win32
		{DC029CD3-FA65-48D0-8169-D79828049270}.Release|x64.ActiveCfg = Release|x64
		{DC029CD3-FA65-48D0-8169-D79828049270}.Release|x64.Build.0 = Release|x64
		{DC029CD3-FA65-48D0-8169-D79828049270}.Release|x86.ActiveCfg = Release|Win32
		{DC029CD3-FA65-48D0-8169-D79828049270}.Release|x86.Build.0 = Release|Win32
		{F69C3A65-0CF7-4208-B509-589E81A510A7}.Debug|x64.ActiveCfg = Debug|x64
		{F69C3A65-0CF7-4208-B509-589E81A510A7}.Debug|x64.Build.0 = Debug|x64
		{F69C3A65-0CF7-4208-B509-589E81A510A7}.Debug|x86.ActiveCfg = Debug|Win32
		{F69C3A65-0CF7-4208-B509-589E81A510A7}.Debug|x86.Build.0 = Debug|Win32
		{F69C3A65-0CF7-4208-B509-589E81A510A7}.Release|x64.ActiveCfg = Release|x64
		{F69C3A65-0CF7-4208-B509-589E81A510A7}.Release|x64.Build.0 = Release|x64
		{F69C3A65-0CF7-4208-B509-589E81A510A7}.Release|x86.ActiveCfg = Release|Win32
		{F69C3A65-0CF7-4208-B509-589E81A510A7}.Release|x86.Build.0 = Release|Win32
		{F5413E2B-D9CB-4485-BE42-F65074B08749}.Debug|x64.ActiveCfg = Debug|x64
		{F5413E2B-D9CB-4485-BE42-F65074B08749}.Debug|x64.Build.0 = Debug|x64
		{F5413E2B-D9CB-4485-BE42-F65074B08749}.Debug|x86.ActiveCfg = Debug|Win32
		{F5413E2B-D9CB-4485-BE42-F65074B08749}.Debug|x86.Build.0 = Debug|Win32
		{F5413E2B-D9CB-4485-BE42-F65074B08749}.Release|x64.ActiveCfg = Release|x64
		{F5413E2B-D9CB-4485-BE42-F65074B08749}.Release|x64.Build.0 = Release|x64
		{F5413E2B-D9CB-4485-BE42-F65074B08749}.Release|x86.ActiveCfg = Release|Win32
		{F5413E2B-D9CB-4485-BE42-F65074B08749}.Release|x86.Build.0 = Release|Win32
		{0AB58612-9669-4F4A-8747-E6D63F4449A5}.Debug|x64.ActiveCfg = Debug|x64
		{0AB58612-9669-4F4A-8747-E6D63F4449A5}.Debug|x64.Build.0 = Debug|x64
		{0AB58612-9669-4F4A-8747-E6D63F4449A5}.Debug|x86.ActiveCfg = Debug|Win32
		{0AB58612-9669-4F4A-8747-E6D63F4449A5}.Debug|x86.Build.0 = Debug|Win32
		{0AB58612-9669-4F4A-8747-E6D63F4449A5}.Release|x64.ActiveCfg = Release|x64
		{0AB58612-9669-4F4A-8747-E6D63F4449A5}.Release|x64.Build.0 = Release|x64
		{0AB58612-9669-4F4A-8747-E6D63F4449A5}.Release|x86.ActiveCfg = Release|Win32
		{0AB58612-9669-4F4A-8747-E6D63F4449A5}.Release|x86.Build.0 = Release|Win32
		{1A3342C6-3619-4D53-80B9-42E7615902B5}.Debug|x64.ActiveCfg = Debug|x64
		{1A3342C6-3619-4D53-80B9-42E7615902B5}.Debug|x64.Build.0 = Debug|x64
		{1A3342C6-3619-4D53-80B9-42E7615902B5}.Debug|x86.ActiveCfg = Debug|Win32
		{1A3342C6-3619-4D53-80B9-42E7615902B5}.Debug|x86.Build.0 = Debug|Win32
		{1A3342C6-3619-4D53-80B9-42E7615902B5}.Release|x64.ActiveCfg = Release|x64
		{1A3342C6-3619-4D53-80B9-42E7615902B5}.Release|x64.Build.0 = Release|x64
		{1A3342C6-3619-4D53-80B9-42E7615902B5}.Release|x86.ActiveCfg = Release|Win32
		{1A3342C6-3619-4D53-80B9-42E7615902B5}.Release|x86.Build.0 = Release|Win32
		{61026DD8-8DF9-4FAD-AF09-B0D9DE4118A6}.Debug|x64.ActiveCfg = Debug|x64
		{61026DD8-8DF9-4FAD-AF09-B0D9DE4118A6}.Debug|x64.Build.0 = Debug|x64
		{61026DD8-8DF9-4FAD-AF09-B0D9DE4118A6}.Debug|x86.ActiveCfg = Debug|Win32
		{61026DD8-8DF9-4FAD-AF09-B0D9DE4118A6}.Debug|x86.Build.0 = Debug|Win32
		{61026DD8-8DF9-4FAD-AF09-B0D9DE4118A6}.Release|x64.ActiveCfg = Release|x64
		{61026DD8-8DF9-4FAD-AF09-B0D9DE4118A6}.Release|x64.Build.0 = Release|x64
		{61026DD8-8DF9-4FAD-AF09-B0D9DE4118A6}.Release|x86.ActiveCfg = Release|Win32
		{61026DD8-8DF9-4FAD-AF09-B0D9DE4118A6}.Release|x86.Build.0 = Release|Win32
		{7F8A3FC6-A895-4FBA-AF2D-E942B90E7432}.Debug|x64.ActiveCfg = Debug|x64
		{7F8A3FC6-A895-4FBA-AF2D-E942B90E7432}.Debug|x64.Build.0 = Debug|x64
		{7F8A3FC6-A895-4FBA-AF2D-E942B90E7432}.Debug|x86.ActiveCfg = Debug|Win32
		{7F8A3FC6-A895-4FBA-AF2D-E942B90E7432}.Debug|x86.Build.0 = Debug|Win32
		{7F8A3FC6-A895-4FBA-AF2D-E942B90E7432}.Release|x64.ActiveCfg = Release|x64
		{7F8A3FC6-A895-4FBA-AF2D-E942B90E7432}.Release|x64.Build.0 = Release|x64
		{7F8A3FC6-A895-4FBA-AF2D-E942B90E7432}.Release|x86.ActiveCfg = Release|Win32
		{7F8A3FC6-A895-4FBA-AF2D-E942B90E7432}.Release|x86.Build.0 = Release|Win32
		{662BAD29-6A24-4E17-87B2-FB73C201C4B3}.Debug|x64.ActiveCfg = Debug|x64
		{662BAD29-6A24-4E17-87B2-FB73C201C4B3}.Debug|x64.Build.0 = Debug|x64
		{662BAD29-6A24-4E17-87B2-FB73C201C4B3}.Debug|x86.ActiveCfg = Debug|Win32
		{662BAD29-6A24-4E17-87B2-FB73C201C4B3}.Debug|x86.Build.0 = Debug|Win32
		{662BAD29-6A24-4E17-87B2-FB73C201C4B3}.Release|x64.ActiveCfg = Release|x64
		{662BAD29-6A24-4E17-87B2-FB73C201C4B3}.Release|x64.Build.0 = Release|x64
		{662BAD29-6A24-4E17-87B2-FB73C201C4B3}.Release|x86.ActiveCfg = Release|Win32
		{662BAD29-6A24-4E17-87B2-FB73C201C4B3}.Release|x86.Build.0 = Release|Win32
		{EA19EACD-5208-4FC9-A01F-9D9850F1EE11}.Debug|x64.ActiveCfg = Debug|x64
		{EA19EACD-5208-4FC9-A01F-9D9850F1EE11}.Debug|x64.Build.0 = Debug|x64
		{EA19EACD-5208-4FC9-A01F-9D9850F1EE11}.Debug|x86.ActiveCfg = Debug|Win32
		{EA19EACD-5208-4FC9-A01F-9D9850F1EE11}.Debug|x86.Build.0 = Debug|Win32
		{EA19EACD-5208-4FC9-A01F-9D9850F1EE11}.Release|x64.ActiveCfg = Release|x64
		{EA19EACD-5208-4FC9-A01F-9D9850F1EE11}.Release|x64.Build.0 = Release|x64
		{EA19EACD-5208-4FC9-A01F-9D9850F1EE11}.Release|x86.ActiveCfg = Release|Win32
		{EA19EACD-5208-4FC9-A01F-9D9850F1EE11}.Release|x86.Build.0 = Release|Win32
	EndGlobalSection
	GlobalSection(SolutionProperties) = preSolution
		HideSolutionNode = FALSE
	EndGlobalSection
	GlobalSection(ExtensibilityGlobals) = postSolution
		SolutionGuid = {E1BBDE5B-6B44-44A9-B1AD-DC66184289A4}
	EndGlobalSection
EndGlobal
