
Microsoft Visual Studio Solution File, Format Version 12.00
# Visual Studio Version 16
VisualStudioVersion = 16.0.29418.71
MinimumVisualStudioVersion = 10.0.40219.1
Project("{8BC9CEB8-8B4A-11D0-8D11-00A0C91BC942}") = "p1", "lab 12\lab 12.vcxproj", "{C813F383-8F77-432F-9972-25FC0D1FE279}"
EndProject
Project("{8BC9CEB8-8B4A-11D0-8D11-00A0C91BC942}") = "p2", "..\Project1\Project1.vcxproj", "{B0831091-2EA3-4849-A284-89655ABC51A9}"
EndProject
Project("{8BC9CEB8-8B4A-11D0-8D11-00A0C91BC942}") = "p3", "..\Project2\Project2.vcxproj", "{6CCFB51B-B22A-48A9-91D6-B08A6FACD75D}"
EndProject
Project("{8BC9CEB8-8B4A-11D0-8D11-00A0C91BC942}") = "p4", "p4\p4.vcxproj", "{FD559F8A-669A-41B2-B875-06637836499F}"
EndProject
Project("{8BC9CEB8-8B4A-11D0-8D11-00A0C91BC942}") = "p5", "p5\p5.vcxproj", "{1D02074B-AFB1-4A17-ADE6-9709B41C52D6}"
EndProject
Project("{8BC9CEB8-8B4A-11D0-8D11-00A0C91BC942}") = "p6", "p6\p6.vcxproj", "{ED45520D-58D9-45D6-BBED-648EE8A03825}"
EndProject
Project("{8BC9CEB8-8B4A-11D0-8D11-00A0C91BC942}") = "p7", "p7\p7.vcxproj", "{302CCBF5-F5C6-4403-8C23-F1949B664ADB}"
EndProject
Project("{8BC9CEB8-8B4A-11D0-8D11-00A0C91BC942}") = "з8", "з8\з8.vcxproj", "{4D90325A-DD13-4CE7-89E0-3BA57C0BD4CB}"
EndProject
Project("{8BC9CEB8-8B4A-11D0-8D11-00A0C91BC942}") = "p9", "p9\p9.vcxproj", "{3D983C1A-6BBA-44D9-86DE-377FD502611B}"
EndProject
Global
	GlobalSection(SolutionConfigurationPlatforms) = preSolution
		Debug|x64 = Debug|x64
		Debug|x86 = Debug|x86
		Release|x64 = Release|x64
		Release|x86 = Release|x86
	EndGlobalSection
	GlobalSection(ProjectConfigurationPlatforms) = postSolution
		{C813F383-8F77-432F-9972-25FC0D1FE279}.Debug|x64.ActiveCfg = Debug|x64
		{C813F383-8F77-432F-9972-25FC0D1FE279}.Debug|x64.Build.0 = Debug|x64
		{C813F383-8F77-432F-9972-25FC0D1FE279}.Debug|x86.ActiveCfg = Debug|Win32
		{C813F383-8F77-432F-9972-25FC0D1FE279}.Debug|x86.Build.0 = Debug|Win32
		{C813F383-8F77-432F-9972-25FC0D1FE279}.Release|x64.ActiveCfg = Release|x64
		{C813F383-8F77-432F-9972-25FC0D1FE279}.Release|x64.Build.0 = Release|x64
		{C813F383-8F77-432F-9972-25FC0D1FE279}.Release|x86.ActiveCfg = Release|Win32
		{C813F383-8F77-432F-9972-25FC0D1FE279}.Release|x86.Build.0 = Release|Win32
		{B0831091-2EA3-4849-A284-89655ABC51A9}.Debug|x64.ActiveCfg = Debug|x64
		{B0831091-2EA3-4849-A284-89655ABC51A9}.Debug|x64.Build.0 = Debug|x64
		{B0831091-2EA3-4849-A284-89655ABC51A9}.Debug|x86.ActiveCfg = Debug|Win32
		{B0831091-2EA3-4849-A284-89655ABC51A9}.Debug|x86.Build.0 = Debug|Win32
		{B0831091-2EA3-4849-A284-89655ABC51A9}.Release|x64.ActiveCfg = Release|x64
		{B0831091-2EA3-4849-A284-89655ABC51A9}.Release|x64.Build.0 = Release|x64
		{B0831091-2EA3-4849-A284-89655ABC51A9}.Release|x86.ActiveCfg = Release|Win32
		{B0831091-2EA3-4849-A284-89655ABC51A9}.Release|x86.Build.0 = Release|Win32
		{6CCFB51B-B22A-48A9-91D6-B08A6FACD75D}.Debug|x64.ActiveCfg = Debug|x64
		{6CCFB51B-B22A-48A9-91D6-B08A6FACD75D}.Debug|x64.Build.0 = Debug|x64
		{6CCFB51B-B22A-48A9-91D6-B08A6FACD75D}.Debug|x86.ActiveCfg = Debug|Win32
		{6CCFB51B-B22A-48A9-91D6-B08A6FACD75D}.Debug|x86.Build.0 = Debug|Win32
		{6CCFB51B-B22A-48A9-91D6-B08A6FACD75D}.Release|x64.ActiveCfg = Release|x64
		{6CCFB51B-B22A-48A9-91D6-B08A6FACD75D}.Release|x64.Build.0 = Release|x64
		{6CCFB51B-B22A-48A9-91D6-B08A6FACD75D}.Release|x86.ActiveCfg = Release|Win32
		{6CCFB51B-B22A-48A9-91D6-B08A6FACD75D}.Release|x86.Build.0 = Release|Win32
		{FD559F8A-669A-41B2-B875-06637836499F}.Debug|x64.ActiveCfg = Debug|x64
		{FD559F8A-669A-41B2-B875-06637836499F}.Debug|x64.Build.0 = Debug|x64
		{FD559F8A-669A-41B2-B875-06637836499F}.Debug|x86.ActiveCfg = Debug|Win32
		{FD559F8A-669A-41B2-B875-06637836499F}.Debug|x86.Build.0 = Debug|Win32
		{FD559F8A-669A-41B2-B875-06637836499F}.Release|x64.ActiveCfg = Release|x64
		{FD559F8A-669A-41B2-B875-06637836499F}.Release|x64.Build.0 = Release|x64
		{FD559F8A-669A-41B2-B875-06637836499F}.Release|x86.ActiveCfg = Release|Win32
		{FD559F8A-669A-41B2-B875-06637836499F}.Release|x86.Build.0 = Release|Win32
		{1D02074B-AFB1-4A17-ADE6-9709B41C52D6}.Debug|x64.ActiveCfg = Debug|x64
		{1D02074B-AFB1-4A17-ADE6-9709B41C52D6}.Debug|x64.Build.0 = Debug|x64
		{1D02074B-AFB1-4A17-ADE6-9709B41C52D6}.Debug|x86.ActiveCfg = Debug|Win32
		{1D02074B-AFB1-4A17-ADE6-9709B41C52D6}.Debug|x86.Build.0 = Debug|Win32
		{1D02074B-AFB1-4A17-ADE6-9709B41C52D6}.Release|x64.ActiveCfg = Release|x64
		{1D02074B-AFB1-4A17-ADE6-9709B41C52D6}.Release|x64.Build.0 = Release|x64
		{1D02074B-AFB1-4A17-ADE6-9709B41C52D6}.Release|x86.ActiveCfg = Release|Win32
		{1D02074B-AFB1-4A17-ADE6-9709B41C52D6}.Release|x86.Build.0 = Release|Win32
		{ED45520D-58D9-45D6-BBED-648EE8A03825}.Debug|x64.ActiveCfg = Debug|x64
		{ED45520D-58D9-45D6-BBED-648EE8A03825}.Debug|x64.Build.0 = Debug|x64
		{ED45520D-58D9-45D6-BBED-648EE8A03825}.Debug|x86.ActiveCfg = Debug|Win32
		{ED45520D-58D9-45D6-BBED-648EE8A03825}.Debug|x86.Build.0 = Debug|Win32
		{ED45520D-58D9-45D6-BBED-648EE8A03825}.Release|x64.ActiveCfg = Release|x64
		{ED45520D-58D9-45D6-BBED-648EE8A03825}.Release|x64.Build.0 = Release|x64
		{ED45520D-58D9-45D6-BBED-648EE8A03825}.Release|x86.ActiveCfg = Release|Win32
		{ED45520D-58D9-45D6-BBED-648EE8A03825}.Release|x86.Build.0 = Release|Win32
		{302CCBF5-F5C6-4403-8C23-F1949B664ADB}.Debug|x64.ActiveCfg = Debug|x64
		{302CCBF5-F5C6-4403-8C23-F1949B664ADB}.Debug|x64.Build.0 = Debug|x64
		{302CCBF5-F5C6-4403-8C23-F1949B664ADB}.Debug|x86.ActiveCfg = Debug|Win32
		{302CCBF5-F5C6-4403-8C23-F1949B664ADB}.Debug|x86.Build.0 = Debug|Win32
		{302CCBF5-F5C6-4403-8C23-F1949B664ADB}.Release|x64.ActiveCfg = Release|x64
		{302CCBF5-F5C6-4403-8C23-F1949B664ADB}.Release|x64.Build.0 = Release|x64
		{302CCBF5-F5C6-4403-8C23-F1949B664ADB}.Release|x86.ActiveCfg = Release|Win32
		{302CCBF5-F5C6-4403-8C23-F1949B664ADB}.Release|x86.Build.0 = Release|Win32
		{4D90325A-DD13-4CE7-89E0-3BA57C0BD4CB}.Debug|x64.ActiveCfg = Debug|x64
		{4D90325A-DD13-4CE7-89E0-3BA57C0BD4CB}.Debug|x64.Build.0 = Debug|x64
		{4D90325A-DD13-4CE7-89E0-3BA57C0BD4CB}.Debug|x86.ActiveCfg = Debug|Win32
		{4D90325A-DD13-4CE7-89E0-3BA57C0BD4CB}.Debug|x86.Build.0 = Debug|Win32
		{4D90325A-DD13-4CE7-89E0-3BA57C0BD4CB}.Release|x64.ActiveCfg = Release|x64
		{4D90325A-DD13-4CE7-89E0-3BA57C0BD4CB}.Release|x64.Build.0 = Release|x64
		{4D90325A-DD13-4CE7-89E0-3BA57C0BD4CB}.Release|x86.ActiveCfg = Release|Win32
		{4D90325A-DD13-4CE7-89E0-3BA57C0BD4CB}.Release|x86.Build.0 = Release|Win32
		{3D983C1A-6BBA-44D9-86DE-377FD502611B}.Debug|x64.ActiveCfg = Debug|x64
		{3D983C1A-6BBA-44D9-86DE-377FD502611B}.Debug|x64.Build.0 = Debug|x64
		{3D983C1A-6BBA-44D9-86DE-377FD502611B}.Debug|x86.ActiveCfg = Debug|Win32
		{3D983C1A-6BBA-44D9-86DE-377FD502611B}.Debug|x86.Build.0 = Debug|Win32
		{3D983C1A-6BBA-44D9-86DE-377FD502611B}.Release|x64.ActiveCfg = Release|x64
		{3D983C1A-6BBA-44D9-86DE-377FD502611B}.Release|x64.Build.0 = Release|x64
		{3D983C1A-6BBA-44D9-86DE-377FD502611B}.Release|x86.ActiveCfg = Release|Win32
		{3D983C1A-6BBA-44D9-86DE-377FD502611B}.Release|x86.Build.0 = Release|Win32
	EndGlobalSection
	GlobalSection(SolutionProperties) = preSolution
		HideSolutionNode = FALSE
	EndGlobalSection
	GlobalSection(ExtensibilityGlobals) = postSolution
		SolutionGuid = {83FFDE24-0929-4B3A-8847-DE0A7923C597}
	EndGlobalSection
EndGlobal
