
Microsoft Visual Studio Solution File, Format Version 12.00
# Visual Studio Version 16
VisualStudioVersion = 16.0.29418.71
MinimumVisualStudioVersion = 10.0.40219.1
Project("{8BC9CEB8-8B4A-11D0-8D11-00A0C91BC942}") = "P1", "P1\P1.vcxproj", "{1DB801CC-C9C2-4BD0-8137-01A2DC5E3226}"
EndProject
Project("{8BC9CEB8-8B4A-11D0-8D11-00A0C91BC942}") = "P2", "..\P2\P2.vcxproj", "{6475BC25-863E-48C9-9E87-E9F5D8EE8CAB}"
EndProject
Project("{8BC9CEB8-8B4A-11D0-8D11-00A0C91BC942}") = "P3", "..\P3\P3.vcxproj", "{742D472A-7B5C-48F7-AE88-64325DA28875}"
EndProject
Project("{8BC9CEB8-8B4A-11D0-8D11-00A0C91BC942}") = "P4", "..\P4\P4.vcxproj", "{54FBBE51-8E60-469B-8885-DCDCC0B9FDD7}"
EndProject
Project("{8BC9CEB8-8B4A-11D0-8D11-00A0C91BC942}") = "P5", "..\P5\P5.vcxproj", "{71C3E8D1-D155-4098-8920-21262D237548}"
EndProject
Project("{8BC9CEB8-8B4A-11D0-8D11-00A0C91BC942}") = "P6", "..\P6\P6.vcxproj", "{8015F8CD-D9AE-43D2-AE7B-7A5B72DBDFB7}"
EndProject
Project("{8BC9CEB8-8B4A-11D0-8D11-00A0C91BC942}") = "P7", "..\P7\P7.vcxproj", "{FAAF4EB4-010D-4C3A-AC51-6E2F0D1C16E8}"
EndProject
Project("{8BC9CEB8-8B4A-11D0-8D11-00A0C91BC942}") = "P8", "..\P8\P8.vcxproj", "{99F1B725-BC68-420B-8E36-9915CAE95A1B}"
EndProject
Project("{8BC9CEB8-8B4A-11D0-8D11-00A0C91BC942}") = "P9", "..\P9\P9.vcxproj", "{006E4533-FD0F-40DB-863C-A7D5204302EB}"
EndProject
Project("{8BC9CEB8-8B4A-11D0-8D11-00A0C91BC942}") = "P10", "..\P10\P10.vcxproj", "{D7CC69F9-52C8-49E9-9585-468D41B0DC31}"
EndProject
Project("{8BC9CEB8-8B4A-11D0-8D11-00A0C91BC942}") = "P11", "..\P11\P11.vcxproj", "{8E3BEB3E-1825-41C6-ABC9-B835456B770A}"
EndProject
Project("{8BC9CEB8-8B4A-11D0-8D11-00A0C91BC942}") = "P12", "..\P12\P12.vcxproj", "{83E09193-8851-4AD7-950E-DB55D3D4C0C0}"
EndProject
Project("{8BC9CEB8-8B4A-11D0-8D11-00A0C91BC942}") = "P13", "..\P13\P13.vcxproj", "{457E40AB-F7ED-4A68-B599-E1440439C57F}"
EndProject
Project("{8BC9CEB8-8B4A-11D0-8D11-00A0C91BC942}") = "P15", "..\P15\P15.vcxproj", "{159B5D01-2C33-4750-9BDE-C7E6F162080B}"
EndProject
Global
	GlobalSection(SolutionConfigurationPlatforms) = preSolution
		Debug|x64 = Debug|x64
		Debug|x86 = Debug|x86
		Release|x64 = Release|x64
		Release|x86 = Release|x86
	EndGlobalSection
	GlobalSection(ProjectConfigurationPlatforms) = postSolution
		{1DB801CC-C9C2-4BD0-8137-01A2DC5E3226}.Debug|x64.ActiveCfg = Debug|x64
		{1DB801CC-C9C2-4BD0-8137-01A2DC5E3226}.Debug|x64.Build.0 = Debug|x64
		{1DB801CC-C9C2-4BD0-8137-01A2DC5E3226}.Debug|x86.ActiveCfg = Debug|Win32
		{1DB801CC-C9C2-4BD0-8137-01A2DC5E3226}.Debug|x86.Build.0 = Debug|Win32
		{1DB801CC-C9C2-4BD0-8137-01A2DC5E3226}.Release|x64.ActiveCfg = Release|x64
		{1DB801CC-C9C2-4BD0-8137-01A2DC5E3226}.Release|x64.Build.0 = Release|x64
		{1DB801CC-C9C2-4BD0-8137-01A2DC5E3226}.Release|x86.ActiveCfg = Release|Win32
		{1DB801CC-C9C2-4BD0-8137-01A2DC5E3226}.Release|x86.Build.0 = Release|Win32
		{6475BC25-863E-48C9-9E87-E9F5D8EE8CAB}.Debug|x64.ActiveCfg = Debug|x64
		{6475BC25-863E-48C9-9E87-E9F5D8EE8CAB}.Debug|x64.Build.0 = Debug|x64
		{6475BC25-863E-48C9-9E87-E9F5D8EE8CAB}.Debug|x86.ActiveCfg = Debug|Win32
		{6475BC25-863E-48C9-9E87-E9F5D8EE8CAB}.Debug|x86.Build.0 = Debug|Win32
		{6475BC25-863E-48C9-9E87-E9F5D8EE8CAB}.Release|x64.ActiveCfg = Release|x64
		{6475BC25-863E-48C9-9E87-E9F5D8EE8CAB}.Release|x64.Build.0 = Release|x64
		{6475BC25-863E-48C9-9E87-E9F5D8EE8CAB}.Release|x86.ActiveCfg = Release|Win32
		{6475BC25-863E-48C9-9E87-E9F5D8EE8CAB}.Release|x86.Build.0 = Release|Win32
		{742D472A-7B5C-48F7-AE88-64325DA28875}.Debug|x64.ActiveCfg = Debug|x64
		{742D472A-7B5C-48F7-AE88-64325DA28875}.Debug|x64.Build.0 = Debug|x64
		{742D472A-7B5C-48F7-AE88-64325DA28875}.Debug|x86.ActiveCfg = Debug|Win32
		{742D472A-7B5C-48F7-AE88-64325DA28875}.Debug|x86.Build.0 = Debug|Win32
		{742D472A-7B5C-48F7-AE88-64325DA28875}.Release|x64.ActiveCfg = Release|x64
		{742D472A-7B5C-48F7-AE88-64325DA28875}.Release|x64.Build.0 = Release|x64
		{742D472A-7B5C-48F7-AE88-64325DA28875}.Release|x86.ActiveCfg = Release|Win32
		{742D472A-7B5C-48F7-AE88-64325DA28875}.Release|x86.Build.0 = Release|Win32
		{54FBBE51-8E60-469B-8885-DCDCC0B9FDD7}.Debug|x64.ActiveCfg = Debug|x64
		{54FBBE51-8E60-469B-8885-DCDCC0B9FDD7}.Debug|x64.Build.0 = Debug|x64
		{54FBBE51-8E60-469B-8885-DCDCC0B9FDD7}.Debug|x86.ActiveCfg = Debug|Win32
		{54FBBE51-8E60-469B-8885-DCDCC0B9FDD7}.Debug|x86.Build.0 = Debug|Win32
		{54FBBE51-8E60-469B-8885-DCDCC0B9FDD7}.Release|x64.ActiveCfg = Release|x64
		{54FBBE51-8E60-469B-8885-DCDCC0B9FDD7}.Release|x64.Build.0 = Release|x64
		{54FBBE51-8E60-469B-8885-DCDCC0B9FDD7}.Release|x86.ActiveCfg = Release|Win32
		{54FBBE51-8E60-469B-8885-DCDCC0B9FDD7}.Release|x86.Build.0 = Release|Win32
		{71C3E8D1-D155-4098-8920-21262D237548}.Debug|x64.ActiveCfg = Debug|x64
		{71C3E8D1-D155-4098-8920-21262D237548}.Debug|x64.Build.0 = Debug|x64
		{71C3E8D1-D155-4098-8920-21262D237548}.Debug|x86.ActiveCfg = Debug|Win32
		{71C3E8D1-D155-4098-8920-21262D237548}.Debug|x86.Build.0 = Debug|Win32
		{71C3E8D1-D155-4098-8920-21262D237548}.Release|x64.ActiveCfg = Release|x64
		{71C3E8D1-D155-4098-8920-21262D237548}.Release|x64.Build.0 = Release|x64
		{71C3E8D1-D155-4098-8920-21262D237548}.Release|x86.ActiveCfg = Release|Win32
		{71C3E8D1-D155-4098-8920-21262D237548}.Release|x86.Build.0 = Release|Win32
		{8015F8CD-D9AE-43D2-AE7B-7A5B72DBDFB7}.Debug|x64.ActiveCfg = Debug|x64
		{8015F8CD-D9AE-43D2-AE7B-7A5B72DBDFB7}.Debug|x64.Build.0 = Debug|x64
		{8015F8CD-D9AE-43D2-AE7B-7A5B72DBDFB7}.Debug|x86.ActiveCfg = Debug|Win32
		{8015F8CD-D9AE-43D2-AE7B-7A5B72DBDFB7}.Debug|x86.Build.0 = Debug|Win32
		{8015F8CD-D9AE-43D2-AE7B-7A5B72DBDFB7}.Release|x64.ActiveCfg = Release|x64
		{8015F8CD-D9AE-43D2-AE7B-7A5B72DBDFB7}.Release|x64.Build.0 = Release|x64
		{8015F8CD-D9AE-43D2-AE7B-7A5B72DBDFB7}.Release|x86.ActiveCfg = Release|Win32
		{8015F8CD-D9AE-43D2-AE7B-7A5B72DBDFB7}.Release|x86.Build.0 = Release|Win32
		{FAAF4EB4-010D-4C3A-AC51-6E2F0D1C16E8}.Debug|x64.ActiveCfg = Debug|x64
		{FAAF4EB4-010D-4C3A-AC51-6E2F0D1C16E8}.Debug|x64.Build.0 = Debug|x64
		{FAAF4EB4-010D-4C3A-AC51-6E2F0D1C16E8}.Debug|x86.ActiveCfg = Debug|Win32
		{FAAF4EB4-010D-4C3A-AC51-6E2F0D1C16E8}.Debug|x86.Build.0 = Debug|Win32
		{FAAF4EB4-010D-4C3A-AC51-6E2F0D1C16E8}.Release|x64.ActiveCfg = Release|x64
		{FAAF4EB4-010D-4C3A-AC51-6E2F0D1C16E8}.Release|x64.Build.0 = Release|x64
		{FAAF4EB4-010D-4C3A-AC51-6E2F0D1C16E8}.Release|x86.ActiveCfg = Release|Win32
		{FAAF4EB4-010D-4C3A-AC51-6E2F0D1C16E8}.Release|x86.Build.0 = Release|Win32
		{99F1B725-BC68-420B-8E36-9915CAE95A1B}.Debug|x64.ActiveCfg = Debug|x64
		{99F1B725-BC68-420B-8E36-9915CAE95A1B}.Debug|x64.Build.0 = Debug|x64
		{99F1B725-BC68-420B-8E36-9915CAE95A1B}.Debug|x86.ActiveCfg = Debug|Win32
		{99F1B725-BC68-420B-8E36-9915CAE95A1B}.Debug|x86.Build.0 = Debug|Win32
		{99F1B725-BC68-420B-8E36-9915CAE95A1B}.Release|x64.ActiveCfg = Release|x64
		{99F1B725-BC68-420B-8E36-9915CAE95A1B}.Release|x64.Build.0 = Release|x64
		{99F1B725-BC68-420B-8E36-9915CAE95A1B}.Release|x86.ActiveCfg = Release|Win32
		{99F1B725-BC68-420B-8E36-9915CAE95A1B}.Release|x86.Build.0 = Release|Win32
		{006E4533-FD0F-40DB-863C-A7D5204302EB}.Debug|x64.ActiveCfg = Debug|x64
		{006E4533-FD0F-40DB-863C-A7D5204302EB}.Debug|x64.Build.0 = Debug|x64
		{006E4533-FD0F-40DB-863C-A7D5204302EB}.Debug|x86.ActiveCfg = Debug|Win32
		{006E4533-FD0F-40DB-863C-A7D5204302EB}.Debug|x86.Build.0 = Debug|Win32
		{006E4533-FD0F-40DB-863C-A7D5204302EB}.Release|x64.ActiveCfg = Release|x64
		{006E4533-FD0F-40DB-863C-A7D5204302EB}.Release|x64.Build.0 = Release|x64
		{006E4533-FD0F-40DB-863C-A7D5204302EB}.Release|x86.ActiveCfg = Release|Win32
		{006E4533-FD0F-40DB-863C-A7D5204302EB}.Release|x86.Build.0 = Release|Win32
		{D7CC69F9-52C8-49E9-9585-468D41B0DC31}.Debug|x64.ActiveCfg = Debug|x64
		{D7CC69F9-52C8-49E9-9585-468D41B0DC31}.Debug|x64.Build.0 = Debug|x64
		{D7CC69F9-52C8-49E9-9585-468D41B0DC31}.Debug|x86.ActiveCfg = Debug|Win32
		{D7CC69F9-52C8-49E9-9585-468D41B0DC31}.Debug|x86.Build.0 = Debug|Win32
		{D7CC69F9-52C8-49E9-9585-468D41B0DC31}.Release|x64.ActiveCfg = Release|x64
		{D7CC69F9-52C8-49E9-9585-468D41B0DC31}.Release|x64.Build.0 = Release|x64
		{D7CC69F9-52C8-49E9-9585-468D41B0DC31}.Release|x86.ActiveCfg = Release|Win32
		{D7CC69F9-52C8-49E9-9585-468D41B0DC31}.Release|x86.Build.0 = Release|Win32
		{8E3BEB3E-1825-41C6-ABC9-B835456B770A}.Debug|x64.ActiveCfg = Debug|x64
		{8E3BEB3E-1825-41C6-ABC9-B835456B770A}.Debug|x64.Build.0 = Debug|x64
		{8E3BEB3E-1825-41C6-ABC9-B835456B770A}.Debug|x86.ActiveCfg = Debug|Win32
		{8E3BEB3E-1825-41C6-ABC9-B835456B770A}.Debug|x86.Build.0 = Debug|Win32
		{8E3BEB3E-1825-41C6-ABC9-B835456B770A}.Release|x64.ActiveCfg = Release|x64
		{8E3BEB3E-1825-41C6-ABC9-B835456B770A}.Release|x64.Build.0 = Release|x64
		{8E3BEB3E-1825-41C6-ABC9-B835456B770A}.Release|x86.ActiveCfg = Release|Win32
		{8E3BEB3E-1825-41C6-ABC9-B835456B770A}.Release|x86.Build.0 = Release|Win32
		{83E09193-8851-4AD7-950E-DB55D3D4C0C0}.Debug|x64.ActiveCfg = Debug|x64
		{83E09193-8851-4AD7-950E-DB55D3D4C0C0}.Debug|x64.Build.0 = Debug|x64
		{83E09193-8851-4AD7-950E-DB55D3D4C0C0}.Debug|x86.ActiveCfg = Debug|Win32
		{83E09193-8851-4AD7-950E-DB55D3D4C0C0}.Debug|x86.Build.0 = Debug|Win32
		{83E09193-8851-4AD7-950E-DB55D3D4C0C0}.Release|x64.ActiveCfg = Release|x64
		{83E09193-8851-4AD7-950E-DB55D3D4C0C0}.Release|x64.Build.0 = Release|x64
		{83E09193-8851-4AD7-950E-DB55D3D4C0C0}.Release|x86.ActiveCfg = Release|Win32
		{83E09193-8851-4AD7-950E-DB55D3D4C0C0}.Release|x86.Build.0 = Release|Win32
		{457E40AB-F7ED-4A68-B599-E1440439C57F}.Debug|x64.ActiveCfg = Debug|x64
		{457E40AB-F7ED-4A68-B599-E1440439C57F}.Debug|x64.Build.0 = Debug|x64
		{457E40AB-F7ED-4A68-B599-E1440439C57F}.Debug|x86.ActiveCfg = Debug|Win32
		{457E40AB-F7ED-4A68-B599-E1440439C57F}.Debug|x86.Build.0 = Debug|Win32
		{457E40AB-F7ED-4A68-B599-E1440439C57F}.Release|x64.ActiveCfg = Release|x64
		{457E40AB-F7ED-4A68-B599-E1440439C57F}.Release|x64.Build.0 = Release|x64
		{457E40AB-F7ED-4A68-B599-E1440439C57F}.Release|x86.ActiveCfg = Release|Win32
		{457E40AB-F7ED-4A68-B599-E1440439C57F}.Release|x86.Build.0 = Release|Win32
		{159B5D01-2C33-4750-9BDE-C7E6F162080B}.Debug|x64.ActiveCfg = Debug|x64
		{159B5D01-2C33-4750-9BDE-C7E6F162080B}.Debug|x64.Build.0 = Debug|x64
		{159B5D01-2C33-4750-9BDE-C7E6F162080B}.Debug|x86.ActiveCfg = Debug|Win32
		{159B5D01-2C33-4750-9BDE-C7E6F162080B}.Debug|x86.Build.0 = Debug|Win32
		{159B5D01-2C33-4750-9BDE-C7E6F162080B}.Release|x64.ActiveCfg = Release|x64
		{159B5D01-2C33-4750-9BDE-C7E6F162080B}.Release|x64.Build.0 = Release|x64
		{159B5D01-2C33-4750-9BDE-C7E6F162080B}.Release|x86.ActiveCfg = Release|Win32
		{159B5D01-2C33-4750-9BDE-C7E6F162080B}.Release|x86.Build.0 = Release|Win32
	EndGlobalSection
	GlobalSection(SolutionProperties) = preSolution
		HideSolutionNode = FALSE
	EndGlobalSection
	GlobalSection(ExtensibilityGlobals) = postSolution
		SolutionGuid = {8432F755-00CC-4EF7-B107-38DEDCDAE3A1}
	EndGlobalSection
EndGlobal
